
Microsoft Visual Studio Solution File, Format Version 12.00
# Visual Studio Version 16
VisualStudioVersion = 16.0.30309.148
MinimumVisualStudioVersion = 10.0.40219.1
Project("{FAE04EC0-301F-11D3-BF4B-00C04F79EFBC}") = "MFCoach", "MFCoach\MFCoach.csproj", "{FF179193-3956-4FA6-8A2F-B86068EB3132}"
EndProject
Global
	GlobalSection(SolutionConfigurationPlatforms) = preSolution
		Debug|Any CPU = Debug|Any CPU
		Release|Any CPU = Release|Any CPU
	EndGlobalSection
	GlobalSection(ProjectConfigurationPlatforms) = postSolution
		{FF179193-3956-4FA6-8A2F-B86068EB3132}.Debug|Any CPU.ActiveCfg = Debug|Any CPU
		{FF179193-3956-4FA6-8A2F-B86068EB3132}.Debug|Any CPU.Build.0 = Debug|Any CPU
		{FF179193-3956-4FA6-8A2F-B86068EB3132}.Release|Any CPU.ActiveCfg = Release|Any CPU
		{FF179193-3956-4FA6-8A2F-B86068EB3132}.Release|Any CPU.Build.0 = Release|Any CPU
	EndGlobalSection
	GlobalSection(SolutionProperties) = preSolution
		HideSolutionNode = FALSE
	EndGlobalSection
	GlobalSection(ExtensibilityGlobals) = postSolution
		SolutionGuid = {55DC5B23-8AE4-4151-8878-41B7301904D4}
	EndGlobalSection
EndGlobal
